
Microsoft Visual Studio Solution File, Format Version 12.00
# Visual Studio Version 17
VisualStudioVersion = 17.10.34916.146
MinimumVisualStudioVersion = 10.0.40219.1
Project("{FAE04EC0-301F-11D3-BF4B-00C04F79EFBC}") = "BackEndAPI", "BackEndAPI\BackEndAPI.csproj", "{D3A3EC12-200A-4C35-82C3-A314F4CDD92A}"
EndProject
Global
	GlobalSection(SolutionConfigurationPlatforms) = preSolution
		Debug|Any CPU = Debug|Any CPU
		Release|Any CPU = Release|Any CPU
	EndGlobalSection
	GlobalSection(ProjectConfigurationPlatforms) = postSolution
		{D3A3EC12-200A-4C35-82C3-A314F4CDD92A}.Debug|Any CPU.ActiveCfg = Debug|Any CPU
		{D3A3EC12-200A-4C35-82C3-A314F4CDD92A}.Debug|Any CPU.Build.0 = Debug|Any CPU
		{D3A3EC12-200A-4C35-82C3-A314F4CDD92A}.Release|Any CPU.ActiveCfg = Release|Any CPU
		{D3A3EC12-200A-4C35-82C3-A314F4CDD92A}.Release|Any CPU.Build.0 = Release|Any CPU
	EndGlobalSection
	GlobalSection(SolutionProperties) = preSolution
		HideSolutionNode = FALSE
	EndGlobalSection
	GlobalSection(ExtensibilityGlobals) = postSolution
		SolutionGuid = {18DA888C-2CFB-4678-B288-19C197A6CF23}
	EndGlobalSection
EndGlobal
